{
  "nodes": {
    "libtokyo": {
      "inputs": {
        "nixpkgs": [
          "nixpkgs"
        ],
        "ntk": "ntk"
      },
      "locked": {
        "lastModified": 1664474625,
        "narHash": "sha256-wll5p4y8bXQSD8Ag81g4mPHXfkya1DrncGfKqrgH1Dw=",
        "owner": "ExpidusOS",
        "repo": "libtokyo",
        "rev": "79533c580ebcf45c3fd127369ce0b65538e3510d",
        "type": "github"
      },
      "original": {
        "owner": "ExpidusOS",
        "repo": "libtokyo",
        "type": "github"
      }
    },
    "nixpkgs": {
      "locked": {
        "lastModified": 1664432844,
        "narHash": "sha256-/7YydlQfYeSN//5Q/nceSDeeBa5ZuO5c8wv9IULbOPg=",
        "owner": "NixOS",
        "repo": "nixpkgs",
        "rev": "c4d0026e7346ad2006c2ba730d5a712c18195aab",
        "type": "github"
      },
      "original": {
        "id": "nixpkgs",
        "type": "indirect"
      }
    },
    "ntk": {
      "inputs": {
        "nixpkgs": [
          "libtokyo",
          "nixpkgs"
        ]
      },
      "locked": {
        "lastModified": 1,
        "narHash": "sha256-Tuchj6WWEvJ4KIdHvy7umsBy2q915t8cUHE92GrxS6U=",
        "path": "./subprojects/ntk",
        "type": "path"
      },
      "original": {
        "path": "./subprojects/ntk",
        "type": "path"
      }
    },
    "root": {
      "inputs": {
        "libtokyo": "libtokyo",
        "nixpkgs": "nixpkgs"
      }
    }
  },
  "root": "root",
  "version": 7
}
