{
  "nodes": {
    "expidus-sdk": {
      "inputs": {
        "nixpkgs": [
          "nixpkgs"
        ]
      },
      "locked": {
        "lastModified": 1665859560,
        "narHash": "sha256-rr3TWYhWgX58osv+MCynVO0bRKoLzYCpWlKvJRxcXSU=",
        "owner": "ExpidusOS",
        "repo": "sdk",
        "rev": "d2bb778f59088e7d04dfa63240cb0c34e59327e7",
        "type": "github"
      },
      "original": {
        "owner": "ExpidusOS",
        "repo": "sdk",
        "type": "github"
      }
    },
    "libtokyo": {
      "inputs": {
        "nixpkgs": [
          "nixpkgs"
        ],
        "ntk": "ntk"
      },
      "locked": {
        "lastModified": 1,
        "narHash": "sha256-FeTGQUnO7lk9vMyL4+wWKkkj7rZYcHZu6YqGNgBwGos=",
        "path": "./subprojects/libtokyo",
        "type": "path"
      },
      "original": {
        "path": "./subprojects/libtokyo",
        "type": "path"
      }
    },
    "nixpkgs": {
      "locked": {
        "lastModified": 1665723124,
        "narHash": "sha256-J1JY2cN0L+CNDSrGkNdbiTl2EFV8hpqqsDJFICsYSBw=",
        "owner": "NixOS",
        "repo": "nixpkgs",
        "rev": "31d567846255e122846548255101980162bbf641",
        "type": "github"
      },
      "original": {
        "id": "nixpkgs",
        "type": "indirect"
      }
    },
    "ntk": {
      "inputs": {
        "nixpkgs": [
          "libtokyo",
          "nixpkgs"
        ]
      },
      "locked": {
        "lastModified": 1,
        "narHash": "sha256-Tuchj6WWEvJ4KIdHvy7umsBy2q915t8cUHE92GrxS6U=",
        "path": "./subprojects/ntk",
        "type": "path"
      },
      "original": {
        "path": "./subprojects/ntk",
        "type": "path"
      }
    },
    "root": {
      "inputs": {
        "expidus-sdk": "expidus-sdk",
        "libtokyo": "libtokyo",
        "nixpkgs": "nixpkgs"
      }
    }
  },
  "root": "root",
  "version": 7
}
