{
  "nodes": {
    "expidus-sdk": {
      "locked": {
        "lastModified": 1669933830,
        "narHash": "sha256-GV7G8fjAKAV07s4ddioE94xgxPld4oTBe16dt9Wd5wI=",
        "owner": "ExpidusOS",
        "repo": "sdk",
        "rev": "354087ad95eb2a8148ed27c822f25810958c1d9f",
        "type": "github"
      },
      "original": {
        "owner": "ExpidusOS",
        "repo": "sdk",
        "type": "github"
      }
    },
    "root": {
      "inputs": {
        "expidus-sdk": "expidus-sdk"
      }
    }
  },
  "root": "root",
  "version": 7
}
